
Microsoft Visual Studio Solution File, Format Version 12.00
# Visual Studio Version 17
VisualStudioVersion = 17.14.36301.6 d17.14
MinimumVisualStudioVersion = 10.0.40219.1
Project("{FAE04EC0-301F-11D3-BF4B-00C04F79EFBC}") = "CLINICAL_MANAGEMENT", "CLINICAL_MANAGEMENT\CLINICAL_MANAGEMENT.csproj", "{494C15D4-98A1-41C6-8D58-2AAC3FF94CAD}"
EndProject
Global
	GlobalSection(SolutionConfigurationPlatforms) = preSolution
		Debug|Any CPU = Debug|Any CPU
		Release|Any CPU = Release|Any CPU
	EndGlobalSection
	GlobalSection(ProjectConfigurationPlatforms) = postSolution
		{494C15D4-98A1-41C6-8D58-2AAC3FF94CAD}.Debug|Any CPU.ActiveCfg = Debug|Any CPU
		{494C15D4-98A1-41C6-8D58-2AAC3FF94CAD}.Debug|Any CPU.Build.0 = Debug|Any CPU
		{494C15D4-98A1-41C6-8D58-2AAC3FF94CAD}.Release|Any CPU.ActiveCfg = Release|Any CPU
		{494C15D4-98A1-41C6-8D58-2AAC3FF94CAD}.Release|Any CPU.Build.0 = Release|Any CPU
	EndGlobalSection
	GlobalSection(SolutionProperties) = preSolution
		HideSolutionNode = FALSE
	EndGlobalSection
	GlobalSection(ExtensibilityGlobals) = postSolution
		SolutionGuid = {00E5FA1F-2D2B-4407-ACF0-ADF8E0623099}
	EndGlobalSection
EndGlobal
